lockfileVersion: '9.0'

settings:
  autoInstallPeers: true
  excludeLinksFromLockfile: false

importers:

  .:
    dependencies:
      ai:
        specifier: ^5.0.36
        version: 5.0.244(zod@3.25.76)
      zod:
        specifier: ^3.25.76
        version: 3.25.76

packages:

  '@ai-sdk/gateway@2.0.139':
    resolution: {integrity: sha512-cunSy/lp6q48sOudMEnlWsCTITBg02LP0ZeLW5DophMH90IWxSm5DAspiTEfoS04UEZiZKKtrlNhmatI0ZK8Vg==}
    engines: {node: '>=18'}
    peerDependencies:
      zod: ^3.25.76 || ^4.1.8

  '@ai-sdk/provider-utils@3.0.32':
    resolution: {integrity: sha512-izgUo50kamJMwoYCXoFwVccuJeyYp0y1+twf0FfpEz7kdQBloZLZbgLYUOUpannLWrV7xYSJR48BQJIQFbFiAQ==}
    engines: {node: '>=18'}
    peerDependencies:
      zod: ^3.25.76 || ^4.1.8

  '@ai-sdk/provider@2.0.3':
    resolution: {integrity: sha512-h88OPkavHTiN9tMn2l5awAznGB0lXzjcLhgR1/rvjB2zlLprsNxbM2tt6OJsHUxduLC3klq0/eqaSf6fX5XVww==}
    engines: {node: '>=18'}

  '@fastify/busboy@2.1.1':
    resolution: {integrity: sha512-vBZP4NlzfOlerQTnba4aqZoMhE/a9HY7HRqoOPaETQcSQuWEIyZMHGfVu6w9wGtGK5fED5qRs2DteVCjOH60sA==}
    engines: {node: '>=14'}

  '@opentelemetry/api@1.9.0':
    resolution: {integrity: sha512-3giAOQvZiH5F9bMlMiv8+GSPMeqg0dbaeo58/0SlA9sxSqZhnUtxzX9/2FzyhS9sWQf5S0GJE0AKBrFqjpeYcg==}
    engines: {node: '>=8.0.0'}

  '@standard-schema/spec@1.1.0':
    resolution: {integrity: sha512-l2aFy5jALhniG5HgqrD6jXLi/rUWrKvqN/qJx6yoJsgKhblVd+iqqU4RCXavm/jPityDo5TCvKMnpjKnOriy0w==}

  '@vercel/oidc@3.1.0':
    resolution: {integrity: sha512-Fw28YZpRnA3cAHHDlkt7xQHiJ0fcL+NRcIqsocZQUSmbzeIKRpwttJjik5ZGanXP+vlA4SbTg+AbA3bP363l+w==}
    engines: {node: '>= 20'}

  ai@5.0.244:
    resolution: {integrity: sha512-7hEVPeQdUS6EgScL4BOKwtV7uNxFJgYu80OFfhnl8wfH5NCMFW+WJEwp/UjdPgxgnhBxhNcn9MrANlC0Hp77tw==}
    engines: {node: '>=18'}
    peerDependencies:
      zod: ^3.25.76 || ^4.1.8

  eventsource-parser@3.1.1:
    resolution: {integrity: sha512-EKN1vKAMcZ8MlYMpaNuxN6R9yakzH6uajHcHVTqWJzvu5pWw9DyhbP35HH8MVBQ+dZjAfDxk+A8NiR9KWaXiyQ==}
    engines: {node: '>=18.0.0'}

  json-schema@0.4.0:
    resolution: {integrity: sha512-es94M3nTIfsEPisRafak+HDLfHXnKBhV3vU5eqPcS3flIWqcxJWgXHXiey3YrpaNsanY5ei1VoYEbOzijuq9BA==}

  undici@5.29.0:
    resolution: {integrity: sha512-raqeBD6NQK4SkWhQzeYKd1KmIG6dllBOTt55Rmkt4HtI9mwdWtJljnrXjAFUBLTSN67HWrOIZ3EPF4kjUw80Bg==}
    engines: {node: '>=14.0'}

  zod@3.25.76:
    resolution: {integrity: sha512-gzUt/qt81nXsFGKIFcC3YnfEAx5NkunCfnDlvuBSSFS02bcXu4Lmea0AFIUwbLWxWPx3d9p8S5QoaujKcNQxcQ==}

snapshots:

  '@ai-sdk/gateway@2.0.139(zod@3.25.76)':
    dependencies:
      '@ai-sdk/provider': 2.0.3
      '@ai-sdk/provider-utils': 3.0.32(zod@3.25.76)
      '@vercel/oidc': 3.1.0
      zod: 3.25.76

  '@ai-sdk/provider-utils@3.0.32(zod@3.25.76)':
    dependencies:
      '@ai-sdk/provider': 2.0.3
      '@standard-schema/spec': 1.1.0
      eventsource-parser: 3.1.1
      undici: 5.29.0
      zod: 3.25.76

  '@ai-sdk/provider@2.0.3':
    dependencies:
      json-schema: 0.4.0

  '@fastify/busboy@2.1.1': {}

  '@opentelemetry/api@1.9.0': {}

  '@standard-schema/spec@1.1.0': {}

  '@vercel/oidc@3.1.0': {}

  ai@5.0.244(zod@3.25.76):
    dependencies:
      '@ai-sdk/gateway': 2.0.139(zod@3.25.76)
      '@ai-sdk/provider': 2.0.3
      '@ai-sdk/provider-utils': 3.0.32(zod@3.25.76)
      '@opentelemetry/api': 1.9.0
      zod: 3.25.76

  eventsource-parser@3.1.1: {}

  json-schema@0.4.0: {}

  undici@5.29.0:
    dependencies:
      '@fastify/busboy': 2.1.1

  zod@3.25.76: {}
